
Microsoft Visual Studio Solution File, Format Version 12.00
# Visual Studio Version 16
VisualStudioVersion = 16.0.30406.217
MinimumVisualStudioVersion = 10.0.40219.1
Project("{FAE04EC0-301F-11D3-BF4B-00C04F79EFBC}") = "ContactsApp.Android", "ContactsApp\ContactsApp.Android\ContactsApp.Android.csproj", "{1A698753-CBBF-414A-A197-48B1635ABD6E}"
EndProject
Project("{FAE04EC0-301F-11D3-BF4B-00C04F79EFBC}") = "ContactsApp.iOS", "ContactsApp\ContactsApp.iOS\ContactsApp.iOS.csproj", "{5893D19B-D734-4BFE-8EAD-9EE28B4E19F9}"
EndProject
Project("{FAE04EC0-301F-11D3-BF4B-00C04F79EFBC}") = "ContactsApp", "ContactsApp\ContactsApp\ContactsApp.csproj", "{38379466-5C9B-48C2-A2BB-48D0238B8EAC}"
EndProject
Global
	GlobalSection(SolutionConfigurationPlatforms) = preSolution
		Debug|Any CPU = Debug|Any CPU
		Debug|iPhone = Debug|iPhone
		Debug|iPhoneSimulator = Debug|iPhoneSimulator
		Release|Any CPU = Release|Any CPU
		Release|iPhone = Release|iPhone
		Release|iPhoneSimulator = Release|iPhoneSimulator
	EndGlobalSection
	GlobalSection(ProjectConfigurationPlatforms) = postSolution
		{1A698753-CBBF-414A-A197-48B1635ABD6E}.Debug|Any CPU.ActiveCfg = Debug|Any CPU
		{1A698753-CBBF-414A-A197-48B1635ABD6E}.Debug|Any CPU.Build.0 = Debug|Any CPU
		{1A698753-CBBF-414A-A197-48B1635ABD6E}.Debug|Any CPU.Deploy.0 = Debug|Any CPU
		{1A698753-CBBF-414A-A197-48B1635ABD6E}.Debug|iPhone.ActiveCfg = Debug|Any CPU
		{1A698753-CBBF-414A-A197-48B1635ABD6E}.Debug|iPhone.Build.0 = Debug|Any CPU
		{1A698753-CBBF-414A-A197-48B1635ABD6E}.Debug|iPhone.Deploy.0 = Debug|Any CPU
		{1A698753-CBBF-414A-A197-48B1635ABD6E}.Debug|iPhoneSimulator.ActiveCfg = Debug|Any CPU
		{1A698753-CBBF-414A-A197-48B1635ABD6E}.Debug|iPhoneSimulator.Build.0 = Debug|Any CPU
		{1A698753-CBBF-414A-A197-48B1635ABD6E}.Debug|iPhoneSimulator.Deploy.0 = Debug|Any CPU
		{1A698753-CBBF-414A-A197-48B1635ABD6E}.Release|Any CPU.ActiveCfg = Release|Any CPU
		{1A698753-CBBF-414A-A197-48B1635ABD6E}.Release|Any CPU.Build.0 = Release|Any CPU
		{1A698753-CBBF-414A-A197-48B1635ABD6E}.Release|Any CPU.Deploy.0 = Release|Any CPU
		{1A698753-CBBF-414A-A197-48B1635ABD6E}.Release|iPhone.ActiveCfg = Release|Any CPU
		{1A698753-CBBF-414A-A197-48B1635ABD6E}.Release|iPhone.Build.0 = Release|Any CPU
		{1A698753-CBBF-414A-A197-48B1635ABD6E}.Release|iPhone.Deploy.0 = Release|Any CPU
		{1A698753-CBBF-414A-A197-48B1635ABD6E}.Release|iPhoneSimulator.ActiveCfg = Release|Any CPU
		{1A698753-CBBF-414A-A197-48B1635ABD6E}.Release|iPhoneSimulator.Build.0 = Release|Any CPU
		{1A698753-CBBF-414A-A197-48B1635ABD6E}.Release|iPhoneSimulator.Deploy.0 = Release|Any CPU
		{5893D19B-D734-4BFE-8EAD-9EE28B4E19F9}.Debug|Any CPU.ActiveCfg = Debug|iPhone
		{5893D19B-D734-4BFE-8EAD-9EE28B4E19F9}.Debug|Any CPU.Build.0 = Debug|iPhone
		{5893D19B-D734-4BFE-8EAD-9EE28B4E19F9}.Debug|Any CPU.Deploy.0 = Debug|iPhone
		{5893D19B-D734-4BFE-8EAD-9EE28B4E19F9}.Debug|iPhone.ActiveCfg = Debug|iPhone
		{5893D19B-D734-4BFE-8EAD-9EE28B4E19F9}.Debug|iPhone.Build.0 = Debug|iPhone
		{5893D19B-D734-4BFE-8EAD-9EE28B4E19F9}.Debug|iPhone.Deploy.0 = Debug|iPhone
		{5893D19B-D734-4BFE-8EAD-9EE28B4E19F9}.Debug|iPhoneSimulator.ActiveCfg = Debug|iPhoneSimulator
		{5893D19B-D734-4BFE-8EAD-9EE28B4E19F9}.Debug|iPhoneSimulator.Build.0 = Debug|iPhoneSimulator
		{5893D19B-D734-4BFE-8EAD-9EE28B4E19F9}.Debug|iPhoneSimulator.Deploy.0 = Debug|iPhoneSimulator
		{5893D19B-D734-4BFE-8EAD-9EE28B4E19F9}.Release|Any CPU.ActiveCfg = Release|iPhone
		{5893D19B-D734-4BFE-8EAD-9EE28B4E19F9}.Release|Any CPU.Build.0 = Release|iPhone
		{5893D19B-D734-4BFE-8EAD-9EE28B4E19F9}.Release|Any CPU.Deploy.0 = Release|iPhone
		{5893D19B-D734-4BFE-8EAD-9EE28B4E19F9}.Release|iPhone.ActiveCfg = Release|iPhone
		{5893D19B-D734-4BFE-8EAD-9EE28B4E19F9}.Release|iPhone.Build.0 = Release|iPhone
		{5893D19B-D734-4BFE-8EAD-9EE28B4E19F9}.Release|iPhone.Deploy.0 = Release|iPhone
		{5893D19B-D734-4BFE-8EAD-9EE28B4E19F9}.Release|iPhoneSimulator.ActiveCfg = Release|iPhoneSimulator
		{5893D19B-D734-4BFE-8EAD-9EE28B4E19F9}.Release|iPhoneSimulator.Build.0 = Release|iPhoneSimulator
		{5893D19B-D734-4BFE-8EAD-9EE28B4E19F9}.Release|iPhoneSimulator.Deploy.0 = Release|iPhoneSimulator
		{38379466-5C9B-48C2-A2BB-48D0238B8EAC}.Debug|Any CPU.ActiveCfg = Debug|Any CPU
		{38379466-5C9B-48C2-A2BB-48D0238B8EAC}.Debug|Any CPU.Build.0 = Debug|Any CPU
		{38379466-5C9B-48C2-A2BB-48D0238B8EAC}.Debug|Any CPU.Deploy.0 = Debug|Any CPU
		{38379466-5C9B-48C2-A2BB-48D0238B8EAC}.Debug|iPhone.ActiveCfg = Debug|Any CPU
		{38379466-5C9B-48C2-A2BB-48D0238B8EAC}.Debug|iPhone.Build.0 = Debug|Any CPU
		{38379466-5C9B-48C2-A2BB-48D0238B8EAC}.Debug|iPhone.Deploy.0 = Debug|Any CPU
		{38379466-5C9B-48C2-A2BB-48D0238B8EAC}.Debug|iPhoneSimulator.ActiveCfg = Debug|Any CPU
		{38379466-5C9B-48C2-A2BB-48D0238B8EAC}.Debug|iPhoneSimulator.Build.0 = Debug|Any CPU
		{38379466-5C9B-48C2-A2BB-48D0238B8EAC}.Debug|iPhoneSimulator.Deploy.0 = Debug|Any CPU
		{38379466-5C9B-48C2-A2BB-48D0238B8EAC}.Release|Any CPU.ActiveCfg = Release|Any CPU
		{38379466-5C9B-48C2-A2BB-48D0238B8EAC}.Release|Any CPU.Build.0 = Release|Any CPU
		{38379466-5C9B-48C2-A2BB-48D0238B8EAC}.Release|Any CPU.Deploy.0 = Release|Any CPU
		{38379466-5C9B-48C2-A2BB-48D0238B8EAC}.Release|iPhone.ActiveCfg = Release|Any CPU
		{38379466-5C9B-48C2-A2BB-48D0238B8EAC}.Release|iPhone.Build.0 = Release|Any CPU
		{38379466-5C9B-48C2-A2BB-48D0238B8EAC}.Release|iPhone.Deploy.0 = Release|Any CPU
		{38379466-5C9B-48C2-A2BB-48D0238B8EAC}.Release|iPhoneSimulator.ActiveCfg = Release|Any CPU
		{38379466-5C9B-48C2-A2BB-48D0238B8EAC}.Release|iPhoneSimulator.Build.0 = Release|Any CPU
		{38379466-5C9B-48C2-A2BB-48D0238B8EAC}.Release|iPhoneSimulator.Deploy.0 = Release|Any CPU
	EndGlobalSection
	GlobalSection(SolutionProperties) = preSolution
		HideSolutionNode = FALSE
	EndGlobalSection
	GlobalSection(ExtensibilityGlobals) = postSolution
		SolutionGuid = {ECC3A619-B1F4-4833-9D38-4B7D73CC34A7}
	EndGlobalSection
EndGlobal
